git.toolsfdg.net/be/liquid-mesh-svm-standalone v0.0.0-20250314092339-1a248102a0a6 h1:sMUFciBp7JRoHipuBuScApLs5O4w/aKYCs57krK4qb4=
git.toolsfdg.net/be/liquid-mesh-svm-standalone v0.0.0-20250314092339-1a248102a0a6/go.mod h1:rYuDlfi0fzG6XwbOic0Zn1Adve9yh7/cq+ZNPZTNpyk=
git.toolsfdg.net/be/liquid-mesh-svm-standalone v0.0.0-20250317054610-ae3d9f053562 h1:RnSsjKQLgAzqdnd1FBAivMCb5gJYu3Y1UxrxTXwdGWo=
git.toolsfdg.net/be/liquid-mesh-svm-standalone v0.0.0-20250317054610-ae3d9f053562/go.mod h1:rYuDlfi0fzG6XwbOic0Zn1Adve9yh7/cq+ZNPZTNpyk=
git.toolsfdg.net/be/liquid-mesh-svm-standalone v0.0.0-20250317060211-55ced2204dbb h1:ayBSUWdwvZ8a4pXFB8IkVHLCFkpEP68umTA9pBzw+NI=
git.toolsfdg.net/be/liquid-mesh-svm-standalone v0.0.0-20250317060211-55ced2204dbb/go.mod h1:rYuDlfi0fzG6XwbOic0Zn1Adve9yh7/cq+ZNPZTNpyk=
git.toolsfdg.net/be/liquid-mesh-svm-standalone v0.0.0-20250317060639-f9da3db4c2cd h1:u+m8H343hlGU4uGWT6G9voBXtnp4qpW80vXGwMGknW4=
git.toolsfdg.net/be/liquid-mesh-svm-standalone v0.0.0-20250317060639-f9da3db4c2cd/go.mod h1:bzqwatb5KMr8fCgipbcxdScq1kQsgcfzE7SQgN+N4gs=
git.toolsfdg.net/be/liquid-mesh-svm-standalone v0.0.0-20250317062554-2595ccd3694c h1:1YkS1Lb722AS0V0YMeMraHjXqoYVjnRuhhnuV4ShWIM=
git.toolsfdg.net/be/liquid-mesh-svm-standalone v0.0.0-20250317062554-2595ccd3694c/go.mod h1:bzqwatb5KMr8fCgipbcxdScq1kQsgcfzE7SQgN+N4gs=
git.toolsfdg.net/be/liquid-mesh-svm-standalone v0.0.0-20250317064004-0958e1a42df3 h1:sh+nWjZf5GQfJ1MjSnV8NPg1ifaxAkaCuor22tR8OtE=
git.toolsfdg.net/be/liquid-mesh-svm-standalone v0.0.0-20250317064004-0958e1a42df3/go.mod h1:bzqwatb5KMr8fCgipbcxdScq1kQsgcfzE7SQgN+N4gs=
git.toolsfdg.net/be/liquid-mesh-svm-standalone v0.0.0-20250317070615-005911b4b297 h1:qpdmLmCUfjZjb8BcZrnNd611ABg0YDCqSpJE1uWaoHM=
git.toolsfdg.net/be/liquid-mesh-svm-standalone v0.0.0-20250317070615-005911b4b297/go.mod h1:bzqwatb5KMr8fCgipbcxdScq1kQsgcfzE7SQgN+N4gs=
